// !$*UTF8*$!
{
	archiveVersion = 1;
	classes = {
	};
	objectVersion = 56;
	objects = {

/* Begin PBXBuildFile section */
		8C19068C2CCE76940077BF04 /* TurnipPriceData.swift in Sources */ = {isa = PBXBuildFile; fileRef = 8C19068B2CCE76940077BF04 /* TurnipPriceData.swift */; };
		8C19068F2CD095110077BF04 /* NetworkManager.swift in Sources */ = {isa = PBXBuildFile; fileRef = 8C19068E2CD095110077BF04 /* NetworkManager.swift */; };
		8C1906922CD0AB5A0077BF04 /* Constants.swift in Sources */ = {isa = PBXBuildFile; fileRef = 8C1906912CD0AB5A0077BF04 /* Constants.swift */; };
		8C1906942CD200AA0077BF04 /* ResultViewController.swift in Sources */ = {isa = PBXBuildFile; fileRef = 8C1906932CD200AA0077BF04 /* ResultViewController.swift */; };
		8C1906962CD21D4B0077BF04 /* PricesCell.swift in Sources */ = {isa = PBXBuildFile; fileRef = 8C1906952CD21D4B0077BF04 /* PricesCell.swift */; };
		8C1906982CD245F50077BF04 /* TablesViewController.swift in Sources */ = {isa = PBXBuildFile; fileRef = 8C1906972CD245F50077BF04 /* TablesViewController.swift */; };
		8C19069A2CD26CE40077BF04 /* ChartViewController.swift in Sources */ = {isa = PBXBuildFile; fileRef = 8C1906992CD26CE40077BF04 /* ChartViewController.swift */; };
		8C19069F2CD3548C0077BF04 /* ChartView.swift in Sources */ = {isa = PBXBuildFile; fileRef = 8C19069E2CD3548C0077BF04 /* ChartView.swift */; };
		8C1906A32CD36F550077BF04 /* DailyPriceData.swift in Sources */ = {isa = PBXBuildFile; fileRef = 8C1906A22CD36F550077BF04 /* DailyPriceData.swift */; };
		8CC393352CC934D000B5656E /* AppDelegate.swift in Sources */ = {isa = PBXBuildFile; fileRef = 8CC393342CC934D000B5656E /* AppDelegate.swift */; };
		8CC393372CC934D000B5656E /* SceneDelegate.swift in Sources */ = {isa = PBXBuildFile; fileRef = 8CC393362CC934D000B5656E /* SceneDelegate.swift */; };
		8CC393392CC934D000B5656E /* CalculateViewController.swift in Sources */ = {isa = PBXBuildFile; fileRef = 8CC393382CC934D000B5656E /* CalculateViewController.swift */; };
		8CC3933C2CC934D000B5656E /* Base in Resources */ = {isa = PBXBuildFile; fileRef = 8CC3933B2CC934D000B5656E /* Base */; };
		8CC3933E2CC934D200B5656E /* Assets.xcassets in Resources */ = {isa = PBXBuildFile; fileRef = 8CC3933D2CC934D200B5656E /* Assets.xcassets */; };
		8CC393412CC934D200B5656E /* Base in Resources */ = {isa = PBXBuildFile; fileRef = 8CC393402CC934D200B5656E /* Base */; };
/* End PBXBuildFile section */

/* Begin PBXFileReference section */
		8C19068B2CCE76940077BF04 /* TurnipPriceData.swift */ = {isa = PBXFileReference; lastKnownFileType = sourcecode.swift; path = TurnipPriceData.swift; sourceTree = "<group>"; };
		8C19068E2CD095110077BF04 /* NetworkManager.swift */ = {isa = PBXFileReference; lastKnownFileType = sourcecode.swift; path = NetworkManager.swift; sourceTree = "<group>"; };
		8C1906912CD0AB5A0077BF04 /* Constants.swift */ = {isa = PBXFileReference; lastKnownFileType = sourcecode.swift; path = Constants.swift; sourceTree = "<group>"; };
		8C1906932CD200AA0077BF04 /* ResultViewController.swift */ = {isa = PBXFileReference; lastKnownFileType = sourcecode.swift; path = ResultViewController.swift; sourceTree = "<group>"; };
		8C1906952CD21D4B0077BF04 /* PricesCell.swift */ = {isa = PBXFileReference; lastKnownFileType = sourcecode.swift; path = PricesCell.swift; sourceTree = "<group>"; };
		8C1906972CD245F50077BF04 /* TablesViewController.swift */ = {isa = PBXFileReference; lastKnownFileType = sourcecode.swift; path = TablesViewController.swift; sourceTree = "<group>"; };
		8C1906992CD26CE40077BF04 /* ChartViewController.swift */ = {isa = PBXFileReference; lastKnownFileType = sourcecode.swift; path = ChartViewController.swift; sourceTree = "<group>"; };
		8C19069E2CD3548C0077BF04 /* ChartView.swift */ = {isa = PBXFileReference; lastKnownFileType = sourcecode.swift; path = ChartView.swift; sourceTree = "<group>"; };
		8C1906A22CD36F550077BF04 /* DailyPriceData.swift */ = {isa = PBXFileReference; lastKnownFileType = sourcecode.swift; path = DailyPriceData.swift; sourceTree = "<group>"; };
		8CC393312CC934D000B5656E /* TurnipForecast.app */ = {isa = PBXFileReference; explicitFileType = wrapper.application; includeInIndex = 0; path = TurnipForecast.app; sourceTree = BUILT_PRODUCTS_DIR; };
		8CC393342CC934D000B5656E /* AppDelegate.swift */ = {isa = PBXFileReference; lastKnownFileType = sourcecode.swift; path = AppDelegate.swift; sourceTree = "<group>"; };
		8CC393362CC934D000B5656E /* SceneDelegate.swift */ = {isa = PBXFileReference; lastKnownFileType = sourcecode.swift; path = SceneDelegate.swift; sourceTree = "<group>"; };
		8CC393382CC934D000B5656E /* CalculateViewController.swift */ = {isa = PBXFileReference; lastKnownFileType = sourcecode.swift; path = CalculateViewController.swift; sourceTree = "<group>"; };
		8CC3933B2CC934D000B5656E /* Base */ = {isa = PBXFileReference; lastKnownFileType = file.storyboard; name = Base; path = Base.lproj/Main.storyboard; sourceTree = "<group>"; };
		8CC3933D2CC934D200B5656E /* Assets.xcassets */ = {isa = PBXFileReference; lastKnownFileType = folder.assetcatalog; path = Assets.xcassets; sourceTree = "<group>"; };
		8CC393402CC934D200B5656E /* Base */ = {isa = PBXFileReference; lastKnownFileType = file.storyboard; name = Base; path = Base.lproj/LaunchScreen.storyboard; sourceTree = "<group>"; };
		8CC393422CC934D200B5656E /* Info.plist */ = {isa = PBXFileReference; lastKnownFileType = text.plist.xml; path = Info.plist; sourceTree = "<group>"; };
/* End PBXFileReference section */

/* Begin PBXFrameworksBuildPhase section */
		8CC3932E2CC934D000B5656E /* Frameworks */ = {
			isa = PBXFrameworksBuildPhase;
			buildActionMask = 2147483647;
			files = (
			);
			runOnlyForDeploymentPostprocessing = 0;
		};
/* End PBXFrameworksBuildPhase section */

/* Begin PBXGroup section */
		8C19068D2CD094FC0077BF04 /* Networking */ = {
			isa = PBXGroup;
			children = (
				8C19068E2CD095110077BF04 /* NetworkManager.swift */,
			);
			path = Networking;
			sourceTree = "<group>";
		};
		8C1906902CD0AB470077BF04 /* Helpers */ = {
			isa = PBXGroup;
			children = (
				8C1906912CD0AB5A0077BF04 /* Constants.swift */,
			);
			path = Helpers;
			sourceTree = "<group>";
		};
		8CC393282CC934D000B5656E = {
			isa = PBXGroup;
			children = (
				8CC393332CC934D000B5656E /* TurnipForecast */,
				8CC393322CC934D000B5656E /* Products */,
			);
			sourceTree = "<group>";
		};
		8CC393322CC934D000B5656E /* Products */ = {
			isa = PBXGroup;
			children = (
				8CC393312CC934D000B5656E /* TurnipForecast.app */,
			);
			name = Products;
			sourceTree = "<group>";
		};
		8CC393332CC934D000B5656E /* TurnipForecast */ = {
			isa = PBXGroup;
			children = (
				8C1906902CD0AB470077BF04 /* Helpers */,
				8C19068D2CD094FC0077BF04 /* Networking */,
				8CC393342CC934D000B5656E /* AppDelegate.swift */,
				8CC393362CC934D000B5656E /* SceneDelegate.swift */,
				8CC3934A2CCA1ACB00B5656E /* Models */,
				8CC393492CCA1AC400B5656E /* Views */,
				8CC393482CCA1ABC00B5656E /* Controllers */,
				8CC3933D2CC934D200B5656E /* Assets.xcassets */,
				8CC3933F2CC934D200B5656E /* LaunchScreen.storyboard */,
				8CC393422CC934D200B5656E /* Info.plist */,
			);
			path = TurnipForecast;
			sourceTree = "<group>";
		};
		8CC393482CCA1ABC00B5656E /* Controllers */ = {
			isa = PBXGroup;
			children = (
				8CC393382CC934D000B5656E /* CalculateViewController.swift */,
				8C1906932CD200AA0077BF04 /* ResultViewController.swift */,
				8C1906972CD245F50077BF04 /* TablesViewController.swift */,
				8C1906992CD26CE40077BF04 /* ChartViewController.swift */,
			);
			path = Controllers;
			sourceTree = "<group>";
		};
		8CC393492CCA1AC400B5656E /* Views */ = {
			isa = PBXGroup;
			children = (
				8CC3933A2CC934D000B5656E /* Main.storyboard */,
				8C1906952CD21D4B0077BF04 /* PricesCell.swift */,
				8C19069E2CD3548C0077BF04 /* ChartView.swift */,
			);
			path = Views;
			sourceTree = "<group>";
		};
		8CC3934A2CCA1ACB00B5656E /* Models */ = {
			isa = PBXGroup;
			children = (
				8C19068B2CCE76940077BF04 /* TurnipPriceData.swift */,
				8C1906A22CD36F550077BF04 /* DailyPriceData.swift */,
			);
			path = Models;
			sourceTree = "<group>";
		};
/* End PBXGroup section */

/* Begin PBXNativeTarget section */
		8CC393302CC934D000B5656E /* TurnipForecast */ = {
			isa = PBXNativeTarget;
			buildConfigurationList = 8CC393452CC934D200B5656E /* Build configuration list for PBXNativeTarget "TurnipForecast" */;
			buildPhases = (
				8CC3932D2CC934D000B5656E /* Sources */,
				8CC3932E2CC934D000B5656E /* Frameworks */,
				8CC3932F2CC934D000B5656E /* Resources */,
			);
			buildRules = (
			);
			dependencies = (
			);
			name = TurnipForecast;
			packageProductDependencies = (
			);
			productName = TurnipForecast;
			productReference = 8CC393312CC934D000B5656E /* TurnipForecast.app */;
			productType = "com.apple.product-type.application";
		};
/* End PBXNativeTarget section */

/* Begin PBXProject section */
		8CC393292CC934D000B5656E /* Project object */ = {
			isa = PBXProject;
			attributes = {
				BuildIndependentTargetsInParallel = 1;
				LastSwiftUpdateCheck = 1530;
				LastUpgradeCheck = 1530;
				TargetAttributes = {
					8CC393302CC934D000B5656E = {
						CreatedOnToolsVersion = 15.3;
					};
				};
			};
			buildConfigurationList = 8CC3932C2CC934D000B5656E /* Build configuration list for PBXProject "TurnipForecast" */;
			compatibilityVersion = "Xcode 14.0";
			developmentRegion = en;
			hasScannedForEncodings = 0;
			knownRegions = (
				en,
				Base,
			);
			mainGroup = 8CC393282CC934D000B5656E;
			packageReferences = (
			);
			productRefGroup = 8CC393322CC934D000B5656E /* Products */;
			projectDirPath = "";
			projectRoot = "";
			targets = (
				8CC393302CC934D000B5656E /* TurnipForecast */,
			);
		};
/* End PBXProject section */

/* Begin PBXResourcesBuildPhase section */
		8CC3932F2CC934D000B5656E /* Resources */ = {
			isa = PBXResourcesBuildPhase;
			buildActionMask = 2147483647;
			files = (
				8CC3933E2CC934D200B5656E /* Assets.xcassets in Resources */,
				8CC393412CC934D200B5656E /* Base in Resources */,
				8CC3933C2CC934D000B5656E /* Base in Resources */,
			);
			runOnlyForDeploymentPostprocessing = 0;
		};
/* End PBXResourcesBuildPhase section */

/* Begin PBXSourcesBuildPhase section */
		8CC3932D2CC934D000B5656E /* Sources */ = {
			isa = PBXSourcesBuildPhase;
			buildActionMask = 2147483647;
			files = (
				8C1906982CD245F50077BF04 /* TablesViewController.swift in Sources */,
				8C19069A2CD26CE40077BF04 /* ChartViewController.swift in Sources */,
				8CC393392CC934D000B5656E /* CalculateViewController.swift in Sources */,
				8CC393352CC934D000B5656E /* AppDelegate.swift in Sources */,
				8C1906942CD200AA0077BF04 /* ResultViewController.swift in Sources */,
				8C19068F2CD095110077BF04 /* NetworkManager.swift in Sources */,
				8CC393372CC934D000B5656E /* SceneDelegate.swift in Sources */,
				8C19069F2CD3548C0077BF04 /* ChartView.swift in Sources */,
				8C1906962CD21D4B0077BF04 /* PricesCell.swift in Sources */,
				8C19068C2CCE76940077BF04 /* TurnipPriceData.swift in Sources */,
				8C1906922CD0AB5A0077BF04 /* Constants.swift in Sources */,
				8C1906A32CD36F550077BF04 /* DailyPriceData.swift in Sources */,
			);
			runOnlyForDeploymentPostprocessing = 0;
		};
/* End PBXSourcesBuildPhase section */

/* Begin PBXVariantGroup section */
		8CC3933A2CC934D000B5656E /* Main.storyboard */ = {
			isa = PBXVariantGroup;
			children = (
				8CC3933B2CC934D000B5656E /* Base */,
			);
			name = Main.storyboard;
			sourceTree = "<group>";
		};
		8CC3933F2CC934D200B5656E /* LaunchScreen.storyboard */ = {
			isa = PBXVariantGroup;
			children = (
				8CC393402CC934D200B5656E /* Base */,
			);
			name = LaunchScreen.storyboard;
			sourceTree = "<group>";
		};
/* End PBXVariantGroup section */

/* Begin XCBuildConfiguration section */
		8CC393432CC934D200B5656E /* Debug */ = {
			isa = XCBuildConfiguration;
			buildSettings = {
				ALWAYS_SEARCH_USER_PATHS = NO;
				ASSETCATALOG_COMPILER_GENERATE_SWIFT_ASSET_SYMBOL_EXTENSIONS = YES;
				CLANG_ANALYZER_NONNULL = YES;
				CLANG_ANALYZER_NUMBER_OBJECT_CONVERSION = YES_AGGRESSIVE;
				CLANG_CXX_LANGUAGE_STANDARD = "gnu++20";
				CLANG_ENABLE_MODULES = YES;
				CLANG_ENABLE_OBJC_ARC = YES;
				CLANG_ENABLE_OBJC_WEAK = YES;
				CLANG_WARN_BLOCK_CAPTURE_AUTORELEASING = YES;
				CLANG_WARN_BOOL_CONVERSION = YES;
				CLANG_WARN_COMMA = YES;
				CLANG_WARN_CONSTANT_CONVERSION = YES;
				CLANG_WARN_DEPRECATED_OBJC_IMPLEMENTATIONS = YES;
				CLANG_WARN_DIRECT_OBJC_ISA_USAGE = YES_ERROR;
				CLANG_WARN_DOCUMENTATION_COMMENTS = YES;
				CLANG_WARN_EMPTY_BODY = YES;
				CLANG_WARN_ENUM_CONVERSION = YES;
				CLANG_WARN_INFINITE_RECURSION = YES;
				CLANG_WARN_INT_CONVERSION = YES;
				CLANG_WARN_NON_LITERAL_NULL_CONVERSION = YES;
				CLANG_WARN_OBJC_IMPLICIT_RETAIN_SELF = YES;
				CLANG_WARN_OBJC_LITERAL_CONVERSION = YES;
				CLANG_WARN_OBJC_ROOT_CLASS = YES_ERROR;
				CLANG_WARN_QUOTED_INCLUDE_IN_FRAMEWORK_HEADER = YES;
				CLANG_WARN_RANGE_LOOP_ANALYSIS = YES;
				CLANG_WARN_STRICT_PROTOTYPES = YES;
				CLANG_WARN_SUSPICIOUS_MOVE = YES;
				CLANG_WARN_UNGUARDED_AVAILABILITY = YES_AGGRESSIVE;
				CLANG_WARN_UNREACHABLE_CODE = YES;
				CLANG_WARN__DUPLICATE_METHOD_MATCH = YES;
				COPY_PHASE_STRIP = NO;
				DEBUG_INFORMATION_FORMAT = dwarf;
				ENABLE_STRICT_OBJC_MSGSEND = YES;
				ENABLE_TESTABILITY = YES;
				ENABLE_USER_SCRIPT_SANDBOXING = YES;
				GCC_C_LANGUAGE_STANDARD = gnu17;
				GCC_DYNAMIC_NO_PIC = NO;
				GCC_NO_COMMON_BLOCKS = YES;
				GCC_OPTIMIZATION_LEVEL = 0;
				GCC_PREPROCESSOR_DEFINITIONS = (
					"DEBUG=1",
					"$(inherited)",
				);
				GCC_WARN_64_TO_32_BIT_CONVERSION = YES;
				GCC_WARN_ABOUT_RETURN_TYPE = YES_ERROR;
				GCC_WARN_UNDECLARED_SELECTOR = YES;
				GCC_WARN_UNINITIALIZED_AUTOS = YES_AGGRESSIVE;
				GCC_WARN_UNUSED_FUNCTION = YES;
				GCC_WARN_UNUSED_VARIABLE = YES;
				IPHONEOS_DEPLOYMENT_TARGET = 17.4;
				LOCALIZATION_PREFERS_STRING_CATALOGS = YES;
				MTL_ENABLE_DEBUG_INFO = INCLUDE_SOURCE;
				MTL_FAST_MATH = YES;
				ONLY_ACTIVE_ARCH = YES;
				SDKROOT = iphoneos;
				SWIFT_ACTIVE_COMPILATION_CONDITIONS = "DEBUG $(inherited)";
				SWIFT_OPTIMIZATION_LEVEL = "-Onone";
			};
			name = Debug;
		};
		8CC393442CC934D200B5656E /* Release */ = {
			isa = XCBuildConfiguration;
			buildSettings = {
				ALWAYS_SEARCH_USER_PATHS = NO;
				ASSETCATALOG_COMPILER_GENERATE_SWIFT_ASSET_SYMBOL_EXTENSIONS = YES;
				CLANG_ANALYZER_NONNULL = YES;
				CLANG_ANALYZER_NUMBER_OBJECT_CONVERSION = YES_AGGRESSIVE;
				CLANG_CXX_LANGUAGE_STANDARD = "gnu++20";
				CLANG_ENABLE_MODULES = YES;
				CLANG_ENABLE_OBJC_ARC = YES;
				CLANG_ENABLE_OBJC_WEAK = YES;
				CLANG_WARN_BLOCK_CAPTURE_AUTORELEASING = YES;
				CLANG_WARN_BOOL_CONVERSION = YES;
				CLANG_WARN_COMMA = YES;
				CLANG_WARN_CONSTANT_CONVERSION = YES;
				CLANG_WARN_DEPRECATED_OBJC_IMPLEMENTATIONS = YES;
				CLANG_WARN_DIRECT_OBJC_ISA_USAGE = YES_ERROR;
				CLANG_WARN_DOCUMENTATION_COMMENTS = YES;
				CLANG_WARN_EMPTY_BODY = YES;
				CLANG_WARN_ENUM_CONVERSION = YES;
				CLANG_WARN_INFINITE_RECURSION = YES;
				CLANG_WARN_INT_CONVERSION = YES;
				CLANG_WARN_NON_LITERAL_NULL_CONVERSION = YES;
				CLANG_WARN_OBJC_IMPLICIT_RETAIN_SELF = YES;
				CLANG_WARN_OBJC_LITERAL_CONVERSION = YES;
				CLANG_WARN_OBJC_ROOT_CLASS = YES_ERROR;
				CLANG_WARN_QUOTED_INCLUDE_IN_FRAMEWORK_HEADER = YES;
				CLANG_WARN_RANGE_LOOP_ANALYSIS = YES;
				CLANG_WARN_STRICT_PROTOTYPES = YES;
				CLANG_WARN_SUSPICIOUS_MOVE = YES;
				CLANG_WARN_UNGUARDED_AVAILABILITY = YES_AGGRESSIVE;
				CLANG_WARN_UNREACHABLE_CODE = YES;
				CLANG_WARN__DUPLICATE_METHOD_MATCH = YES;
				COPY_PHASE_STRIP = NO;
				DEBUG_INFORMATION_FORMAT = "dwarf-with-dsym";
				ENABLE_NS_ASSERTIONS = NO;
				ENABLE_STRICT_OBJC_MSGSEND = YES;
				ENABLE_USER_SCRIPT_SANDBOXING = YES;
				GCC_C_LANGUAGE_STANDARD = gnu17;
				GCC_NO_COMMON_BLOCKS = YES;
				GCC_WARN_64_TO_32_BIT_CONVERSION = YES;
				GCC_WARN_ABOUT_RETURN_TYPE = YES_ERROR;
				GCC_WARN_UNDECLARED_SELECTOR = YES;
				GCC_WARN_UNINITIALIZED_AUTOS = YES_AGGRESSIVE;
				GCC_WARN_UNUSED_FUNCTION = YES;
				GCC_WARN_UNUSED_VARIABLE = YES;
				IPHONEOS_DEPLOYMENT_TARGET = 17.4;
				LOCALIZATION_PREFERS_STRING_CATALOGS = YES;
				MTL_ENABLE_DEBUG_INFO = NO;
				MTL_FAST_MATH = YES;
				SDKROOT = iphoneos;
				SWIFT_COMPILATION_MODE = wholemodule;
				VALIDATE_PRODUCT = YES;
			};
			name = Release;
		};
		8CC393462CC934D200B5656E /* Debug */ = {
			isa = XCBuildConfiguration;
			buildSettings = {
				ASSETCATALOG_COMPILER_APPICON_NAME = AppIcon;
				ASSETCATALOG_COMPILER_GLOBAL_ACCENT_COLOR_NAME = AccentColor;
				CODE_SIGN_STYLE = Automatic;
				CURRENT_PROJECT_VERSION = 1;
				DEVELOPMENT_TEAM = AH24YSXN5M;
				GENERATE_INFOPLIST_FILE = YES;
				INFOPLIST_FILE = TurnipForecast/Info.plist;
				INFOPLIST_KEY_UIApplicationSupportsIndirectInputEvents = YES;
				INFOPLIST_KEY_UILaunchStoryboardName = LaunchScreen;
				INFOPLIST_KEY_UIMainStoryboardFile = Main;
				INFOPLIST_KEY_UISupportedInterfaceOrientations = UIInterfaceOrientationPortrait;
				INFOPLIST_KEY_UISupportedInterfaceOrientations_iPad = "UIInterfaceOrientationLandscapeLeft UIInterfaceOrientationLandscapeRight UIInterfaceOrientationPortrait UIInterfaceOrientationPortraitUpsideDown";
				IPHONEOS_DEPLOYMENT_TARGET = 16.0;
				LD_RUNPATH_SEARCH_PATHS = (
					"$(inherited)",
					"@executable_path/Frameworks",
				);
				MARKETING_VERSION = 1.0;
				PRODUCT_BUNDLE_IDENTIFIER = com.aurora.TurnipForecast;
				PRODUCT_NAME = "$(TARGET_NAME)";
				SUPPORTED_PLATFORMS = "iphoneos iphonesimulator";
				SUPPORTS_MACCATALYST = NO;
				SUPPORTS_MAC_DESIGNED_FOR_IPHONE_IPAD = NO;
				SUPPORTS_XR_DESIGNED_FOR_IPHONE_IPAD = NO;
				SWIFT_EMIT_LOC_STRINGS = YES;
				SWIFT_VERSION = 5.0;
				TARGETED_DEVICE_FAMILY = 1;
			};
			name = Debug;
		};
		8CC393472CC934D200B5656E /* Release */ = {
			isa = XCBuildConfiguration;
			buildSettings = {
				ASSETCATALOG_COMPILER_APPICON_NAME = AppIcon;
				ASSETCATALOG_COMPILER_GLOBAL_ACCENT_COLOR_NAME = AccentColor;
				CODE_SIGN_STYLE = Automatic;
				CURRENT_PROJECT_VERSION = 1;
				DEVELOPMENT_TEAM = AH24YSXN5M;
				GENERATE_INFOPLIST_FILE = YES;
				INFOPLIST_FILE = TurnipForecast/Info.plist;
				INFOPLIST_KEY_UIApplicationSupportsIndirectInputEvents = YES;
				INFOPLIST_KEY_UILaunchStoryboardName = LaunchScreen;
				INFOPLIST_KEY_UIMainStoryboardFile = Main;
				INFOPLIST_KEY_UISupportedInterfaceOrientations = UIInterfaceOrientationPortrait;
				INFOPLIST_KEY_UISupportedInterfaceOrientations_iPad = "UIInterfaceOrientationLandscapeLeft UIInterfaceOrientationLandscapeRight UIInterfaceOrientationPortrait UIInterfaceOrientationPortraitUpsideDown";
				IPHONEOS_DEPLOYMENT_TARGET = 16.0;
				LD_RUNPATH_SEARCH_PATHS = (
					"$(inherited)",
					"@executable_path/Frameworks",
				);
				MARKETING_VERSION = 1.0;
				PRODUCT_BUNDLE_IDENTIFIER = com.aurora.TurnipForecast;
				PRODUCT_NAME = "$(TARGET_NAME)";
				SUPPORTED_PLATFORMS = "iphoneos iphonesimulator";
				SUPPORTS_MACCATALYST = NO;
				SUPPORTS_MAC_DESIGNED_FOR_IPHONE_IPAD = NO;
				SUPPORTS_XR_DESIGNED_FOR_IPHONE_IPAD = NO;
				SWIFT_EMIT_LOC_STRINGS = YES;
				SWIFT_VERSION = 5.0;
				TARGETED_DEVICE_FAMILY = 1;
			};
			name = Release;
		};
/* End XCBuildConfiguration section */

/* Begin XCConfigurationList section */
		8CC3932C2CC934D000B5656E /* Build configuration list for PBXProject "TurnipForecast" */ = {
			isa = XCConfigurationList;
			buildConfigurations = (
				8CC393432CC934D200B5656E /* Debug */,
				8CC393442CC934D200B5656E /* Release */,
			);
			defaultConfigurationIsVisible = 0;
			defaultConfigurationName = Release;
		};
		8CC393452CC934D200B5656E /* Build configuration list for PBXNativeTarget "TurnipForecast" */ = {
			isa = XCConfigurationList;
			buildConfigurations = (
				8CC393462CC934D200B5656E /* Debug */,
				8CC393472CC934D200B5656E /* Release */,
			);
			defaultConfigurationIsVisible = 0;
			defaultConfigurationName = Release;
		};
/* End XCConfigurationList section */
	};
	rootObject = 8CC393292CC934D000B5656E /* Project object */;
}
